{
  "nodes": {
    "catppuccin": {
      "inputs": {
        "nixpkgs": "nixpkgs"
      },
      "locked": {
        "lastModified": 1765990358,
        "narHash": "sha256-l8x0gU8mnYaGMl+gWrsSHKBJlZWD8KXJfHTkRlFiPI0=",
        "owner": "catppuccin",
        "repo": "nix",
        "rev": "de1b60ca45a578f59f7d84c8d338b346017b2161",
        "type": "github"
      },
      "original": {
        "owner": "catppuccin",
        "repo": "nix",
        "type": "github"
      }
    },
    "firefox-addons": {
      "inputs": {
        "nixpkgs": [
          "nixpkgs"
        ]
      },
      "locked": {
        "dir": "pkgs/firefox-addons",
        "lastModified": 1766289817,
        "narHash": "sha256-Y2GlcwoB72HeWGB40y2V3rSw7b7o1mTlb7pLgod2WSA=",
        "owner": "rycee",
        "repo": "nur-expressions",
        "rev": "6509da5789e9ee79a30983950b44a0f5ceaefb2a",
        "type": "gitlab"
      },
      "original": {
        "dir": "pkgs/firefox-addons",
        "owner": "rycee",
        "repo": "nur-expressions",
        "type": "gitlab"
      }
    },
    "home-manager": {
      "inputs": {
        "nixpkgs": [
          "nixpkgs"
        ]
      },
      "locked": {
        "lastModified": 1766282146,
        "narHash": "sha256-0V/nKU93KdYGi+5LB/MVo355obBJw/2z9b2xS3bPJxY=",
        "owner": "nix-community",
        "repo": "home-manager",
        "rev": "61fcc9de76b88e55578eb5d79fc80f2b236df707",
        "type": "github"
      },
      "original": {
        "owner": "nix-community",
        "repo": "home-manager",
        "type": "github"
      }
    },
    "nix-claude-code": {
      "inputs": {
        "nixpkgs": [
          "nixpkgs"
        ]
      },
      "locked": {
        "lastModified": 1781829044,
        "narHash": "sha256-XS5YlvRDDo+WjK+SUyIP4FvG1Mb2wcYBY4b1jRoorUE=",
        "owner": "ryoppippi",
        "repo": "nix-claude-code",
        "rev": "10882a469fb71c2acb6d38fb7d4b2592991f6031",
        "type": "github"
      },
      "original": {
        "owner": "ryoppippi",
        "repo": "nix-claude-code",
        "type": "github"
      }
    },
    "nix-vscode-extensions": {
      "inputs": {
        "nixpkgs": "nixpkgs_2"
      },
      "locked": {
        "lastModified": 1780548112,
        "narHash": "sha256-FbvLaFxLd+Sxh/HdNsGQAV02ux45uTUlK+AXhlbn8FY=",
        "owner": "nix-community",
        "repo": "nix-vscode-extensions",
        "rev": "71c0866249f0ae2f97ff6f0894057e232acc5dbb",
        "type": "github"
      },
      "original": {
        "owner": "nix-community",
        "repo": "nix-vscode-extensions",
        "rev": "71c0866249f0ae2f97ff6f0894057e232acc5dbb",
        "type": "github"
      }
    },
    "nixpkgs": {
      "locked": {
        "lastModified": 1763966396,
        "narHash": "sha256-6eeL1YPcY1MV3DDStIDIdy/zZCDKgHdkCmsrLJFiZf0=",
        "owner": "NixOS",
        "repo": "nixpkgs",
        "rev": "5ae3b07d8d6527c42f17c876e404993199144b6a",
        "type": "github"
      },
      "original": {
        "owner": "NixOS",
        "ref": "nixos-unstable",
        "repo": "nixpkgs",
        "type": "github"
      }
    },
    "nixpkgs_2": {
      "locked": {
        "lastModified": 1777207419,
        "narHash": "sha256-V3bmPWAajDiC+1ClDOp55gianW2EyRJSJOyu1RUQibc=",
        "owner": "nixos",
        "repo": "nixpkgs",
        "rev": "a7ecea3deccfbdbf22945a89984fcc5a169da8aa",
        "type": "github"
      },
      "original": {
        "owner": "nixos",
        "repo": "nixpkgs",
        "rev": "a7ecea3deccfbdbf22945a89984fcc5a169da8aa",
        "type": "github"
      }
    },
    "nixpkgs_3": {
      "locked": {
        "lastModified": 1766201043,
        "narHash": "sha256-eplAP+rorKKd0gNjV3rA6+0WMzb1X1i16F5m5pASnjA=",
        "owner": "NixOS",
        "repo": "nixpkgs",
        "rev": "b3aad468604d3e488d627c0b43984eb60e75e782",
        "type": "github"
      },
      "original": {
        "owner": "NixOS",
        "ref": "nixos-25.11",
        "repo": "nixpkgs",
        "type": "github"
      }
    },
    "root": {
      "inputs": {
        "catppuccin": "catppuccin",
        "firefox-addons": "firefox-addons",
        "home-manager": "home-manager",
        "nix-claude-code": "nix-claude-code",
        "nix-vscode-extensions": "nix-vscode-extensions",
        "nixpkgs": "nixpkgs_3"
      }
    }
  },
  "root": "root",
  "version": 7
}
